// !$*UTF8*$!
{
	archiveVersion = 1;
	classes = {
	};
	objectVersion = 46;
	objects = {

/* Begin PBXBuildFile section */
		2800AE071DA61EAB0087F0F4 /* CardBaseCollectionViewCell.swift in Sources */ = {isa = PBXBuildFile; fileRef = 2800AE061DA61EAB0087F0F4 /* CardBaseCollectionViewCell.swift */; };
		284FBE171DA5F4F90068B945 /* AppDelegate.swift in Sources */ = {isa = PBXBuildFile; fileRef = 284FBE161DA5F4F90068B945 /* AppDelegate.swift */; };
		284FBE191DA5F4F90068B945 /* ViewController.swift in Sources */ = {isa = PBXBuildFile; fileRef = 284FBE181DA5F4F90068B945 /* ViewController.swift */; };
		284FBE1C1DA5F4F90068B945 /* Main.storyboard in Resources */ = {isa = PBXBuildFile; fileRef = 284FBE1A1DA5F4F90068B945 /* Main.storyboard */; };
		284FBE1E1DA5F4F90068B945 /* Assets.xcassets in Resources */ = {isa = PBXBuildFile; fileRef = 284FBE1D1DA5F4F90068B945 /* Assets.xcassets */; };
		284FBE211DA5F4F90068B945 /* LaunchScreen.storyboard in Resources */ = {isa = PBXBuildFile; fileRef = 284FBE1F1DA5F4F90068B945 /* LaunchScreen.storyboard */; };
		284FBE291DA5F9510068B945 /* CardBaseCollectionViewFlowLayout.swift in Sources */ = {isa = PBXBuildFile; fileRef = 284FBE281DA5F9510068B945 /* CardBaseCollectionViewFlowLayout.swift */; };
/* End PBXBuildFile section */

/* Begin PBXFileReference section */
		2800AE061DA61EAB0087F0F4 /* CardBaseCollectionViewCell.swift */ = {isa = PBXFileReference; fileEncoding = 4; lastKnownFileType = sourcecode.swift; path = CardBaseCollectionViewCell.swift; sourceTree = "<group>"; };
		284FBE131DA5F4F90068B945 /* CardBaseAnimation.app */ = {isa = PBXFileReference; explicitFileType = wrapper.application; includeInIndex = 0; path = CardBaseAnimation.app; sourceTree = BUILT_PRODUCTS_DIR; };
		284FBE161DA5F4F90068B945 /* AppDelegate.swift */ = {isa = PBXFileReference; lastKnownFileType = sourcecode.swift; path = AppDelegate.swift; sourceTree = "<group>"; };
		284FBE181DA5F4F90068B945 /* ViewController.swift */ = {isa = PBXFileReference; lastKnownFileType = sourcecode.swift; path = ViewController.swift; sourceTree = "<group>"; };
		284FBE1B1DA5F4F90068B945 /* Base */ = {isa = PBXFileReference; lastKnownFileType = file.storyboard; name = Base; path = Base.lproj/Main.storyboard; sourceTree = "<group>"; };
		284FBE1D1DA5F4F90068B945 /* Assets.xcassets */ = {isa = PBXFileReference; lastKnownFileType = folder.assetcatalog; path = Assets.xcassets; sourceTree = "<group>"; };
		284FBE201DA5F4F90068B945 /* Base */ = {isa = PBXFileReference; lastKnownFileType = file.storyboard; name = Base; path = Base.lproj/LaunchScreen.storyboard; sourceTree = "<group>"; };
		284FBE221DA5F4F90068B945 /* Info.plist */ = {isa = PBXFileReference; lastKnownFileType = text.plist.xml; path = Info.plist; sourceTree = "<group>"; };
		284FBE281DA5F9510068B945 /* CardBaseCollectionViewFlowLayout.swift */ = {isa = PBXFileReference; fileEncoding = 4; lastKnownFileType = sourcecode.swift; path = CardBaseCollectionViewFlowLayout.swift; sourceTree = "<group>"; };
/* End PBXFileReference section */

/* Begin PBXFrameworksBuildPhase section */
		284FBE101DA5F4F90068B945 /* Frameworks */ = {
			isa = PBXFrameworksBuildPhase;
			buildActionMask = 2147483647;
			files = (
			);
			runOnlyForDeploymentPostprocessing = 0;
		};
/* End PBXFrameworksBuildPhase section */

/* Begin PBXGroup section */
		284FBE0A1DA5F4F90068B945 = {
			isa = PBXGroup;
			children = (
				284FBE151DA5F4F90068B945 /* CardBaseAnimation */,
				284FBE141DA5F4F90068B945 /* Products */,
			);
			sourceTree = "<group>";
		};
		284FBE141DA5F4F90068B945 /* Products */ = {
			isa = PBXGroup;
			children = (
				284FBE131DA5F4F90068B945 /* CardBaseAnimation.app */,
			);
			name = Products;
			sourceTree = "<group>";
		};
		284FBE151DA5F4F90068B945 /* CardBaseAnimation */ = {
			isa = PBXGroup;
			children = (
				284FBE161DA5F4F90068B945 /* AppDelegate.swift */,
				284FBE181DA5F4F90068B945 /* ViewController.swift */,
				284FBE1A1DA5F4F90068B945 /* Main.storyboard */,
				284FBE1D1DA5F4F90068B945 /* Assets.xcassets */,
				284FBE1F1DA5F4F90068B945 /* LaunchScreen.storyboard */,
				284FBE221DA5F4F90068B945 /* Info.plist */,
				284FBE281DA5F9510068B945 /* CardBaseCollectionViewFlowLayout.swift */,
				2800AE061DA61EAB0087F0F4 /* CardBaseCollectionViewCell.swift */,
			);
			path = CardBaseAnimation;
			sourceTree = "<group>";
		};
/* End PBXGroup section */

/* Begin PBXNativeTarget section */
		284FBE121DA5F4F90068B945 /* CardBaseAnimation */ = {
			isa = PBXNativeTarget;
			buildConfigurationList = 284FBE251DA5F4F90068B945 /* Build configuration list for PBXNativeTarget "CardBaseAnimation" */;
			buildPhases = (
				284FBE0F1DA5F4F90068B945 /* Sources */,
				284FBE101DA5F4F90068B945 /* Frameworks */,
				284FBE111DA5F4F90068B945 /* Resources */,
			);
			buildRules = (
			);
			dependencies = (
			);
			name = CardBaseAnimation;
			productName = CardBaseAnimation;
			productReference = 284FBE131DA5F4F90068B945 /* CardBaseAnimation.app */;
			productType = "com.apple.product-type.application";
		};
/* End PBXNativeTarget section */

/* Begin PBXProject section */
		284FBE0B1DA5F4F90068B945 /* Project object */ = {
			isa = PBXProject;
			attributes = {
				LastSwiftUpdateCheck = 0730;
				LastUpgradeCheck = 0730;
				ORGANIZATIONNAME = "Dinh Luu";
				TargetAttributes = {
					284FBE121DA5F4F90068B945 = {
						CreatedOnToolsVersion = 7.3.1;
					};
				};
			};
			buildConfigurationList = 284FBE0E1DA5F4F90068B945 /* Build configuration list for PBXProject "CardBaseAnimation" */;
			compatibilityVersion = "Xcode 3.2";
			developmentRegion = English;
			hasScannedForEncodings = 0;
			knownRegions = (
				en,
				Base,
			);
			mainGroup = 284FBE0A1DA5F4F90068B945;
			productRefGroup = 284FBE141DA5F4F90068B945 /* Products */;
			projectDirPath = "";
			projectRoot = "";
			targets = (
				284FBE121DA5F4F90068B945 /* CardBaseAnimation */,
			);
		};
/* End PBXProject section */

/* Begin PBXResourcesBuildPhase section */
		284FBE111DA5F4F90068B945 /* Resources */ = {
			isa = PBXResourcesBuildPhase;
			buildActionMask = 2147483647;
			files = (
				284FBE211DA5F4F90068B945 /* LaunchScreen.storyboard in Resources */,
				284FBE1E1DA5F4F90068B945 /* Assets.xcassets in Resources */,
				284FBE1C1DA5F4F90068B945 /* Main.storyboard in Resources */,
			);
			runOnlyForDeploymentPostprocessing = 0;
		};
/* End PBXResourcesBuildPhase section */

/* Begin PBXSourcesBuildPhase section */
		284FBE0F1DA5F4F90068B945 /* Sources */ = {
			isa = PBXSourcesBuildPhase;
			buildActionMask = 2147483647;
			files = (
				284FBE191DA5F4F90068B945 /* ViewController.swift in Sources */,
				284FBE171DA5F4F90068B945 /* AppDelegate.swift in Sources */,
				2800AE071DA61EAB0087F0F4 /* CardBaseCollectionViewCell.swift in Sources */,
				284FBE291DA5F9510068B945 /* CardBaseCollectionViewFlowLayout.swift in Sources */,
			);
			runOnlyForDeploymentPostprocessing = 0;
		};
/* End PBXSourcesBuildPhase section */

/* Begin PBXVariantGroup section */
		284FBE1A1DA5F4F90068B945 /* Main.storyboard */ = {
			isa = PBXVariantGroup;
			children = (
				284FBE1B1DA5F4F90068B945 /* Base */,
			);
			name = Main.storyboard;
			sourceTree = "<group>";
		};
		284FBE1F1DA5F4F90068B945 /* LaunchScreen.storyboard */ = {
			isa = PBXVariantGroup;
			children = (
				284FBE201DA5F4F90068B945 /* Base */,
			);
			name = LaunchScreen.storyboard;
			sourceTree = "<group>";
		};
/* End PBXVariantGroup section */

/* Begin XCBuildConfiguration section */
		284FBE231DA5F4F90068B945 /* Debug */ = {
			isa = XCBuildConfiguration;
			buildSettings = {
				ALWAYS_SEARCH_USER_PATHS = NO;
				CLANG_ANALYZER_NONNULL = YES;
				CLANG_CXX_LANGUAGE_STANDARD = "gnu++0x";
				CLANG_CXX_LIBRARY = "libc++";
				CLANG_ENABLE_MODULES = YES;
				CLANG_ENABLE_OBJC_ARC = YES;
				CLANG_WARN_BOOL_CONVERSION = YES;
				CLANG_WARN_CONSTANT_CONVERSION = YES;
				CLANG_WARN_DIRECT_OBJC_ISA_USAGE = YES_ERROR;
				CLANG_WARN_EMPTY_BODY = YES;
				CLANG_WARN_ENUM_CONVERSION = YES;
				CLANG_WARN_INT_CONVERSION = YES;
				CLANG_WARN_OBJC_ROOT_CLASS = YES_ERROR;
				CLANG_WARN_UNREACHABLE_CODE = YES;
				CLANG_WARN__DUPLICATE_METHOD_MATCH = YES;
				"CODE_SIGN_IDENTITY[sdk=iphoneos*]" = "iPhone Developer";
				COPY_PHASE_STRIP = NO;
				DEBUG_INFORMATION_FORMAT = dwarf;
				ENABLE_STRICT_OBJC_MSGSEND = YES;
				ENABLE_TESTABILITY = YES;
				GCC_C_LANGUAGE_STANDARD = gnu99;
				GCC_DYNAMIC_NO_PIC = NO;
				GCC_NO_COMMON_BLOCKS = YES;
				GCC_OPTIMIZATION_LEVEL = 0;
				GCC_PREPROCESSOR_DEFINITIONS = (
					"DEBUG=1",
					"$(inherited)",
				);
				GCC_WARN_64_TO_32_BIT_CONVERSION = YES;
				GCC_WARN_ABOUT_RETURN_TYPE = YES_ERROR;
				GCC_WARN_UNDECLARED_SELECTOR = YES;
				GCC_WARN_UNINITIALIZED_AUTOS = YES_AGGRESSIVE;
				GCC_WARN_UNUSED_FUNCTION = YES;
				GCC_WARN_UNUSED_VARIABLE = YES;
				IPHONEOS_DEPLOYMENT_TARGET = 9.3;
				MTL_ENABLE_DEBUG_INFO = YES;
				ONLY_ACTIVE_ARCH = YES;
				SDKROOT = iphoneos;
				SWIFT_OPTIMIZATION_LEVEL = "-Onone";
				TARGETED_DEVICE_FAMILY = "1,2";
			};
			name = Debug;
		};
		284FBE241DA5F4F90068B945 /* Release */ = {
			isa = XCBuildConfiguration;
			buildSettings = {
				ALWAYS_SEARCH_USER_PATHS = NO;
				CLANG_ANALYZER_NONNULL = YES;
				CLANG_CXX_LANGUAGE_STANDARD = "gnu++0x";
				CLANG_CXX_LIBRARY = "libc++";
				CLANG_ENABLE_MODULES = YES;
				CLANG_ENABLE_OBJC_ARC = YES;
				CLANG_WARN_BOOL_CONVERSION = YES;
				CLANG_WARN_CONSTANT_CONVERSION = YES;
				CLANG_WARN_DIRECT_OBJC_ISA_USAGE = YES_ERROR;
				CLANG_WARN_EMPTY_BODY = YES;
				CLANG_WARN_ENUM_CONVERSION = YES;
				CLANG_WARN_INT_CONVERSION = YES;
				CLANG_WARN_OBJC_ROOT_CLASS = YES_ERROR;
				CLANG_WARN_UNREACHABLE_CODE = YES;
				CLANG_WARN__DUPLICATE_METHOD_MATCH = YES;
				"CODE_SIGN_IDENTITY[sdk=iphoneos*]" = "iPhone Developer";
				COPY_PHASE_STRIP = NO;
				DEBUG_INFORMATION_FORMAT = "dwarf-with-dsym";
				ENABLE_NS_ASSERTIONS = NO;
				ENABLE_STRICT_OBJC_MSGSEND = YES;
				GCC_C_LANGUAGE_STANDARD = gnu99;
				GCC_NO_COMMON_BLOCKS = YES;
				GCC_WARN_64_TO_32_BIT_CONVERSION = YES;
				GCC_WARN_ABOUT_RETURN_TYPE = YES_ERROR;
				GCC_WARN_UNDECLARED_SELECTOR = YES;
				GCC_WARN_UNINITIALIZED_AUTOS = YES_AGGRESSIVE;
				GCC_WARN_UNUSED_FUNCTION = YES;
				GCC_WARN_UNUSED_VARIABLE = YES;
				IPHONEOS_DEPLOYMENT_TARGET = 9.3;
				MTL_ENABLE_DEBUG_INFO = NO;
				SDKROOT = iphoneos;
				TARGETED_DEVICE_FAMILY = "1,2";
				VALIDATE_PRODUCT = YES;
			};
			name = Release;
		};
		284FBE261DA5F4F90068B945 /* Debug */ = {
			isa = XCBuildConfiguration;
			buildSettings = {
				ASSETCATALOG_COMPILER_APPICON_NAME = AppIcon;
				INFOPLIST_FILE = CardBaseAnimation/Info.plist;
				LD_RUNPATH_SEARCH_PATHS = "$(inherited) @executable_path/Frameworks";
				PRODUCT_BUNDLE_IDENTIFIER = com.sutrix.CardBaseAnimation;
				PRODUCT_NAME = "$(TARGET_NAME)";
			};
			name = Debug;
		};
		284FBE271DA5F4F90068B945 /* Release */ = {
			isa = XCBuildConfiguration;
			buildSettings = {
				ASSETCATALOG_COMPILER_APPICON_NAME = AppIcon;
				INFOPLIST_FILE = CardBaseAnimation/Info.plist;
				LD_RUNPATH_SEARCH_PATHS = "$(inherited) @executable_path/Frameworks";
				PRODUCT_BUNDLE_IDENTIFIER = com.sutrix.CardBaseAnimation;
				PRODUCT_NAME = "$(TARGET_NAME)";
			};
			name = Release;
		};
/* End XCBuildConfiguration section */

/* Begin XCConfigurationList section */
		284FBE0E1DA5F4F90068B945 /* Build configuration list for PBXProject "CardBaseAnimation" */ = {
			isa = XCConfigurationList;
			buildConfigurations = (
				284FBE231DA5F4F90068B945 /* Debug */,
				284FBE241DA5F4F90068B945 /* Release */,
			);
			defaultConfigurationIsVisible = 0;
			defaultConfigurationName = Release;
		};
		284FBE251DA5F4F90068B945 /* Build configuration list for PBXNativeTarget "CardBaseAnimation" */ = {
			isa = XCConfigurationList;
			buildConfigurations = (
				284FBE261DA5F4F90068B945 /* Debug */,
				284FBE271DA5F4F90068B945 /* Release */,
			);
			defaultConfigurationIsVisible = 0;
			defaultConfigurationName = Release;
		};
/* End XCConfigurationList section */
	};
	rootObject = 284FBE0B1DA5F4F90068B945 /* Project object */;
}
